// !$*UTF8*$!
{
	archiveVersion = 1;
	classes = {
	};
	objectVersion = 50;
	objects = {

/* Begin PBXBuildFile section */
		9B2A279E253098CA00E0629A /* DashboardApp.swift in Sources */ = {isa = PBXBuildFile; fileRef = 9B2A279D253098CA00E0629A /* DashboardApp.swift */; };
		9B2A27A0253098CA00E0629A /* ContentView.swift in Sources */ = {isa = PBXBuildFile; fileRef = 9B2A279F253098CA00E0629A /* ContentView.swift */; };
		9B2A27A2253098CB00E0629A /* Assets.xcassets in Resources */ = {isa = PBXBuildFile; fileRef = 9B2A27A1253098CB00E0629A /* Assets.xcassets */; };
		9B2A27A5253098CB00E0629A /* Preview Assets.xcassets in Resources */ = {isa = PBXBuildFile; fileRef = 9B2A27A4253098CB00E0629A /* Preview Assets.xcassets */; };
		9B2A27B0253098CB00E0629A /* DashboardTests.swift in Sources */ = {isa = PBXBuildFile; fileRef = 9B2A27AF253098CB00E0629A /* DashboardTests.swift */; };
		9B2A27BB253098CC00E0629A /* DashboardUITests.swift in Sources */ = {isa = PBXBuildFile; fileRef = 9B2A27BA253098CC00E0629A /* DashboardUITests.swift */; };
		9BF92436254C33F7003481FF /* Countries.swift in Sources */ = {isa = PBXBuildFile; fileRef = 9BF92435254C33F7003481FF /* Countries.swift */; };
/* End PBXBuildFile section */

/* Begin PBXContainerItemProxy section */
		9B2A27AC253098CB00E0629A /* PBXContainerItemProxy */ = {
			isa = PBXContainerItemProxy;
			containerPortal = 9B2A2792253098CA00E0629A /* Project object */;
			proxyType = 1;
			remoteGlobalIDString = 9B2A2799253098CA00E0629A;
			remoteInfo = Dashboard;
		};
		9B2A27B7253098CC00E0629A /* PBXContainerItemProxy */ = {
			isa = PBXContainerItemProxy;
			containerPortal = 9B2A2792253098CA00E0629A /* Project object */;
			proxyType = 1;
			remoteGlobalIDString = 9B2A2799253098CA00E0629A;
			remoteInfo = Dashboard;
		};
/* End PBXContainerItemProxy section */

/* Begin PBXFileReference section */
		9B2A279A253098CA00E0629A /* Dashboard.app */ = {isa = PBXFileReference; explicitFileType = wrapper.application; includeInIndex = 0; path = Dashboard.app; sourceTree = BUILT_PRODUCTS_DIR; };
		9B2A279D253098CA00E0629A /* DashboardApp.swift */ = {isa = PBXFileReference; lastKnownFileType = sourcecode.swift; path = DashboardApp.swift; sourceTree = "<group>"; };
		9B2A279F253098CA00E0629A /* ContentView.swift */ = {isa = PBXFileReference; lastKnownFileType = sourcecode.swift; path = ContentView.swift; sourceTree = "<group>"; };
		9B2A27A1253098CB00E0629A /* Assets.xcassets */ = {isa = PBXFileReference; lastKnownFileType = folder.assetcatalog; path = Assets.xcassets; sourceTree = "<group>"; };
		9B2A27A4253098CB00E0629A /* Preview Assets.xcassets */ = {isa = PBXFileReference; lastKnownFileType = folder.assetcatalog; path = "Preview Assets.xcassets"; sourceTree = "<group>"; };
		9B2A27A6253098CB00E0629A /* Info.plist */ = {isa = PBXFileReference; lastKnownFileType = text.plist.xml; path = Info.plist; sourceTree = "<group>"; };
		9B2A27AB253098CB00E0629A /* DashboardTests.xctest */ = {isa = PBXFileReference; explicitFileType = wrapper.cfbundle; includeInIndex = 0; path = DashboardTests.xctest; sourceTree = BUILT_PRODUCTS_DIR; };
		9B2A27AF253098CB00E0629A /* DashboardTests.swift */ = {isa = PBXFileReference; lastKnownFileType = sourcecode.swift; path = DashboardTests.swift; sourceTree = "<group>"; };
		9B2A27B1253098CB00E0629A /* Info.plist */ = {isa = PBXFileReference; lastKnownFileType = text.plist.xml; path = Info.plist; sourceTree = "<group>"; };
		9B2A27B6253098CC00E0629A /* DashboardUITests.xctest */ = {isa = PBXFileReference; explicitFileType = wrapper.cfbundle; includeInIndex = 0; path = DashboardUITests.xctest; sourceTree = BUILT_PRODUCTS_DIR; };
		9B2A27BA253098CC00E0629A /* DashboardUITests.swift */ = {isa = PBXFileReference; lastKnownFileType = sourcecode.swift; path = DashboardUITests.swift; sourceTree = "<group>"; };
		9B2A27BC253098CC00E0629A /* Info.plist */ = {isa = PBXFileReference; lastKnownFileType = text.plist.xml; path = Info.plist; sourceTree = "<group>"; };
		9BF92435254C33F7003481FF /* Countries.swift */ = {isa = PBXFileReference; lastKnownFileType = sourcecode.swift; path = Countries.swift; sourceTree = "<group>"; };
/* End PBXFileReference section */

/* Begin PBXFrameworksBuildPhase section */
		9B2A2797253098CA00E0629A /* Frameworks */ = {
			isa = PBXFrameworksBuildPhase;
			buildActionMask = 2147483647;
			files = (
			);
			runOnlyForDeploymentPostprocessing = 0;
		};
		9B2A27A8253098CB00E0629A /* Frameworks */ = {
			isa = PBXFrameworksBuildPhase;
			buildActionMask = 2147483647;
			files = (
			);
			runOnlyForDeploymentPostprocessing = 0;
		};
		9B2A27B3253098CC00E0629A /* Frameworks */ = {
			isa = PBXFrameworksBuildPhase;
			buildActionMask = 2147483647;
			files = (
			);
			runOnlyForDeploymentPostprocessing = 0;
		};
/* End PBXFrameworksBuildPhase section */

/* Begin PBXGroup section */
		9B2A2791253098CA00E0629A = {
			isa = PBXGroup;
			children = (
				9B2A279C253098CA00E0629A /* Dashboard */,
				9B2A27AE253098CB00E0629A /* DashboardTests */,
				9B2A27B9253098CC00E0629A /* DashboardUITests */,
				9B2A279B253098CA00E0629A /* Products */,
			);
			sourceTree = "<group>";
		};
		9B2A279B253098CA00E0629A /* Products */ = {
			isa = PBXGroup;
			children = (
				9B2A279A253098CA00E0629A /* Dashboard.app */,
				9B2A27AB253098CB00E0629A /* DashboardTests.xctest */,
				9B2A27B6253098CC00E0629A /* DashboardUITests.xctest */,
			);
			name = Products;
			sourceTree = "<group>";
		};
		9B2A279C253098CA00E0629A /* Dashboard */ = {
			isa = PBXGroup;
			children = (
				9B2A279D253098CA00E0629A /* DashboardApp.swift */,
				9B2A279F253098CA00E0629A /* ContentView.swift */,
				9B2A27A1253098CB00E0629A /* Assets.xcassets */,
				9B2A27A6253098CB00E0629A /* Info.plist */,
				9B2A27A3253098CB00E0629A /* Preview Content */,
				9BF92435254C33F7003481FF /* Countries.swift */,
			);
			path = Dashboard;
			sourceTree = "<group>";
		};
		9B2A27A3253098CB00E0629A /* Preview Content */ = {
			isa = PBXGroup;
			children = (
				9B2A27A4253098CB00E0629A /* Preview Assets.xcassets */,
			);
			path = "Preview Content";
			sourceTree = "<group>";
		};
		9B2A27AE253098CB00E0629A /* DashboardTests */ = {
			isa = PBXGroup;
			children = (
				9B2A27AF253098CB00E0629A /* DashboardTests.swift */,
				9B2A27B1253098CB00E0629A /* Info.plist */,
			);
			path = DashboardTests;
			sourceTree = "<group>";
		};
		9B2A27B9253098CC00E0629A /* DashboardUITests */ = {
			isa = PBXGroup;
			children = (
				9B2A27BA253098CC00E0629A /* DashboardUITests.swift */,
				9B2A27BC253098CC00E0629A /* Info.plist */,
			);
			path = DashboardUITests;
			sourceTree = "<group>";
		};
/* End PBXGroup section */

/* Begin PBXNativeTarget section */
		9B2A2799253098CA00E0629A /* Dashboard */ = {
			isa = PBXNativeTarget;
			buildConfigurationList = 9B2A27BF253098CC00E0629A /* Build configuration list for PBXNativeTarget "Dashboard" */;
			buildPhases = (
				9B2A2796253098CA00E0629A /* Sources */,
				9B2A2797253098CA00E0629A /* Frameworks */,
				9B2A2798253098CA00E0629A /* Resources */,
			);
			buildRules = (
			);
			dependencies = (
			);
			name = Dashboard;
			productName = Dashboard;
			productReference = 9B2A279A253098CA00E0629A /* Dashboard.app */;
			productType = "com.apple.product-type.application";
		};
		9B2A27AA253098CB00E0629A /* DashboardTests */ = {
			isa = PBXNativeTarget;
			buildConfigurationList = 9B2A27C2253098CC00E0629A /* Build configuration list for PBXNativeTarget "DashboardTests" */;
			buildPhases = (
				9B2A27A7253098CB00E0629A /* Sources */,
				9B2A27A8253098CB00E0629A /* Frameworks */,
				9B2A27A9253098CB00E0629A /* Resources */,
			);
			buildRules = (
			);
			dependencies = (
				9B2A27AD253098CB00E0629A /* PBXTargetDependency */,
			);
			name = DashboardTests;
			productName = DashboardTests;
			productReference = 9B2A27AB253098CB00E0629A /* DashboardTests.xctest */;
			productType = "com.apple.product-type.bundle.unit-test";
		};
		9B2A27B5253098CC00E0629A /* DashboardUITests */ = {
			isa = PBXNativeTarget;
			buildConfigurationList = 9B2A27C5253098CC00E0629A /* Build configuration list for PBXNativeTarget "DashboardUITests" */;
			buildPhases = (
				9B2A27B2253098CC00E0629A /* Sources */,
				9B2A27B3253098CC00E0629A /* Frameworks */,
				9B2A27B4253098CC00E0629A /* Resources */,
			);
			buildRules = (
			);
			dependencies = (
				9B2A27B8253098CC00E0629A /* PBXTargetDependency */,
			);
			name = DashboardUITests;
			productName = DashboardUITests;
			productReference = 9B2A27B6253098CC00E0629A /* DashboardUITests.xctest */;
			productType = "com.apple.product-type.bundle.ui-testing";
		};
/* End PBXNativeTarget section */

/* Begin PBXProject section */
		9B2A2792253098CA00E0629A /* Project object */ = {
			isa = PBXProject;
			attributes = {
				LastSwiftUpdateCheck = 1200;
				LastUpgradeCheck = 1200;
				TargetAttributes = {
					9B2A2799253098CA00E0629A = {
						CreatedOnToolsVersion = 12.0.1;
					};
					9B2A27AA253098CB00E0629A = {
						CreatedOnToolsVersion = 12.0.1;
						TestTargetID = 9B2A2799253098CA00E0629A;
					};
					9B2A27B5253098CC00E0629A = {
						CreatedOnToolsVersion = 12.0.1;
						TestTargetID = 9B2A2799253098CA00E0629A;
					};
				};
			};
			buildConfigurationList = 9B2A2795253098CA00E0629A /* Build configuration list for PBXProject "Dashboard" */;
			compatibilityVersion = "Xcode 9.3";
			developmentRegion = en;
			hasScannedForEncodings = 0;
			knownRegions = (
				en,
				Base,
			);
			mainGroup = 9B2A2791253098CA00E0629A;
			productRefGroup = 9B2A279B253098CA00E0629A /* Products */;
			projectDirPath = "";
			projectRoot = "";
			targets = (
				9B2A2799253098CA00E0629A /* Dashboard */,
				9B2A27AA253098CB00E0629A /* DashboardTests */,
				9B2A27B5253098CC00E0629A /* DashboardUITests */,
			);
		};
/* End PBXProject section */

/* Begin PBXResourcesBuildPhase section */
		9B2A2798253098CA00E0629A /* Resources */ = {
			isa = PBXResourcesBuildPhase;
			buildActionMask = 2147483647;
			files = (
				9B2A27A5253098CB00E0629A /* Preview Assets.xcassets in Resources */,
				9B2A27A2253098CB00E0629A /* Assets.xcassets in Resources */,
			);
			runOnlyForDeploymentPostprocessing = 0;
		};
		9B2A27A9253098CB00E0629A /* Resources */ = {
			isa = PBXResourcesBuildPhase;
			buildActionMask = 2147483647;
			files = (
			);
			runOnlyForDeploymentPostprocessing = 0;
		};
		9B2A27B4253098CC00E0629A /* Resources */ = {
			isa = PBXResourcesBuildPhase;
			buildActionMask = 2147483647;
			files = (
			);
			runOnlyForDeploymentPostprocessing = 0;
		};
/* End PBXResourcesBuildPhase section */

/* Begin PBXSourcesBuildPhase section */
		9B2A2796253098CA00E0629A /* Sources */ = {
			isa = PBXSourcesBuildPhase;
			buildActionMask = 2147483647;
			files = (
				9B2A27A0253098CA00E0629A /* ContentView.swift in Sources */,
				9BF92436254C33F7003481FF /* Countries.swift in Sources */,
				9B2A279E253098CA00E0629A /* DashboardApp.swift in Sources */,
			);
			runOnlyForDeploymentPostprocessing = 0;
		};
		9B2A27A7253098CB00E0629A /* Sources */ = {
			isa = PBXSourcesBuildPhase;
			buildActionMask = 2147483647;
			files = (
				9B2A27B0253098CB00E0629A /* DashboardTests.swift in Sources */,
			);
			runOnlyForDeploymentPostprocessing = 0;
		};
		9B2A27B2253098CC00E0629A /* Sources */ = {
			isa = PBXSourcesBuildPhase;
			buildActionMask = 2147483647;
			files = (
				9B2A27BB253098CC00E0629A /* DashboardUITests.swift in Sources */,
			);
			runOnlyForDeploymentPostprocessing = 0;
		};
/* End PBXSourcesBuildPhase section */

/* Begin PBXTargetDependency section */
		9B2A27AD253098CB00E0629A /* PBXTargetDependency */ = {
			isa = PBXTargetDependency;
			target = 9B2A2799253098CA00E0629A /* Dashboard */;
			targetProxy = 9B2A27AC253098CB00E0629A /* PBXContainerItemProxy */;
		};
		9B2A27B8253098CC00E0629A /* PBXTargetDependency */ = {
			isa = PBXTargetDependency;
			target = 9B2A2799253098CA00E0629A /* Dashboard */;
			targetProxy = 9B2A27B7253098CC00E0629A /* PBXContainerItemProxy */;
		};
/* End PBXTargetDependency section */

/* Begin XCBuildConfiguration section */
		9B2A27BD253098CC00E0629A /* Debug */ = {
			isa = XCBuildConfiguration;
			buildSettings = {
				ALWAYS_SEARCH_USER_PATHS = NO;
				CLANG_ANALYZER_NONNULL = YES;
				CLANG_ANALYZER_NUMBER_OBJECT_CONVERSION = YES_AGGRESSIVE;
				CLANG_CXX_LANGUAGE_STANDARD = "gnu++14";
				CLANG_CXX_LIBRARY = "libc++";
				CLANG_ENABLE_MODULES = YES;
				CLANG_ENABLE_OBJC_ARC = YES;
				CLANG_ENABLE_OBJC_WEAK = YES;
				CLANG_WARN_BLOCK_CAPTURE_AUTORELEASING = YES;
				CLANG_WARN_BOOL_CONVERSION = YES;
				CLANG_WARN_COMMA = YES;
				CLANG_WARN_CONSTANT_CONVERSION = YES;
				CLANG_WARN_DEPRECATED_OBJC_IMPLEMENTATIONS = YES;
				CLANG_WARN_DIRECT_OBJC_ISA_USAGE = YES_ERROR;
				CLANG_WARN_DOCUMENTATION_COMMENTS = YES;
				CLANG_WARN_EMPTY_BODY = YES;
				CLANG_WARN_ENUM_CONVERSION = YES;
				CLANG_WARN_INFINITE_RECURSION = YES;
				CLANG_WARN_INT_CONVERSION = YES;
				CLANG_WARN_NON_LITERAL_NULL_CONVERSION = YES;
				CLANG_WARN_OBJC_IMPLICIT_RETAIN_SELF = YES;
				CLANG_WARN_OBJC_LITERAL_CONVERSION = YES;
				CLANG_WARN_OBJC_ROOT_CLASS = YES_ERROR;
				CLANG_WARN_QUOTED_INCLUDE_IN_FRAMEWORK_HEADER = YES;
				CLANG_WARN_RANGE_LOOP_ANALYSIS = YES;
				CLANG_WARN_STRICT_PROTOTYPES = YES;
				CLANG_WARN_SUSPICIOUS_MOVE = YES;
				CLANG_WARN_UNGUARDED_AVAILABILITY = YES_AGGRESSIVE;
				CLANG_WARN_UNREACHABLE_CODE = YES;
				CLANG_WARN__DUPLICATE_METHOD_MATCH = YES;
				COPY_PHASE_STRIP = NO;
				DEBUG_INFORMATION_FORMAT = dwarf;
				ENABLE_STRICT_OBJC_MSGSEND = YES;
				ENABLE_TESTABILITY = YES;
				GCC_C_LANGUAGE_STANDARD = gnu11;
				GCC_DYNAMIC_NO_PIC = NO;
				GCC_NO_COMMON_BLOCKS = YES;
				GCC_OPTIMIZATION_LEVEL = 0;
				GCC_PREPROCESSOR_DEFINITIONS = (
					"DEBUG=1",
					"$(inherited)",
				);
				GCC_WARN_64_TO_32_BIT_CONVERSION = YES;
				GCC_WARN_ABOUT_RETURN_TYPE = YES_ERROR;
				GCC_WARN_UNDECLARED_SELECTOR = YES;
				GCC_WARN_UNINITIALIZED_AUTOS = YES_AGGRESSIVE;
				GCC_WARN_UNUSED_FUNCTION = YES;
				GCC_WARN_UNUSED_VARIABLE = YES;
				IPHONEOS_DEPLOYMENT_TARGET = 14.0;
				MTL_ENABLE_DEBUG_INFO = INCLUDE_SOURCE;
				MTL_FAST_MATH = YES;
				ONLY_ACTIVE_ARCH = YES;
				SDKROOT = iphoneos;
				SWIFT_ACTIVE_COMPILATION_CONDITIONS = DEBUG;
				SWIFT_OPTIMIZATION_LEVEL = "-Onone";
			};
			name = Debug;
		};
		9B2A27BE253098CC00E0629A /* Release */ = {
			isa = XCBuildConfiguration;
			buildSettings = {
				ALWAYS_SEARCH_USER_PATHS = NO;
				CLANG_ANALYZER_NONNULL = YES;
				CLANG_ANALYZER_NUMBER_OBJECT_CONVERSION = YES_AGGRESSIVE;
				CLANG_CXX_LANGUAGE_STANDARD = "gnu++14";
				CLANG_CXX_LIBRARY = "libc++";
				CLANG_ENABLE_MODULES = YES;
				CLANG_ENABLE_OBJC_ARC = YES;
				CLANG_ENABLE_OBJC_WEAK = YES;
				CLANG_WARN_BLOCK_CAPTURE_AUTORELEASING = YES;
				CLANG_WARN_BOOL_CONVERSION = YES;
				CLANG_WARN_COMMA = YES;
				CLANG_WARN_CONSTANT_CONVERSION = YES;
				CLANG_WARN_DEPRECATED_OBJC_IMPLEMENTATIONS = YES;
				CLANG_WARN_DIRECT_OBJC_ISA_USAGE = YES_ERROR;
				CLANG_WARN_DOCUMENTATION_COMMENTS = YES;
				CLANG_WARN_EMPTY_BODY = YES;
				CLANG_WARN_ENUM_CONVERSION = YES;
				CLANG_WARN_INFINITE_RECURSION = YES;
				CLANG_WARN_INT_CONVERSION = YES;
				CLANG_WARN_NON_LITERAL_NULL_CONVERSION = YES;
				CLANG_WARN_OBJC_IMPLICIT_RETAIN_SELF = YES;
				CLANG_WARN_OBJC_LITERAL_CONVERSION = YES;
				CLANG_WARN_OBJC_ROOT_CLASS = YES_ERROR;
				CLANG_WARN_QUOTED_INCLUDE_IN_FRAMEWORK_HEADER = YES;
				CLANG_WARN_RANGE_LOOP_ANALYSIS = YES;
				CLANG_WARN_STRICT_PROTOTYPES = YES;
				CLANG_WARN_SUSPICIOUS_MOVE = YES;
				CLANG_WARN_UNGUARDED_AVAILABILITY = YES_AGGRESSIVE;
				CLANG_WARN_UNREACHABLE_CODE = YES;
				CLANG_WARN__DUPLICATE_METHOD_MATCH = YES;
				COPY_PHASE_STRIP = NO;
				DEBUG_INFORMATION_FORMAT = "dwarf-with-dsym";
				ENABLE_NS_ASSERTIONS = NO;
				ENABLE_STRICT_OBJC_MSGSEND = YES;
				GCC_C_LANGUAGE_STANDARD = gnu11;
				GCC_NO_COMMON_BLOCKS = YES;
				GCC_WARN_64_TO_32_BIT_CONVERSION = YES;
				GCC_WARN_ABOUT_RETURN_TYPE = YES_ERROR;
				GCC_WARN_UNDECLARED_SELECTOR = YES;
				GCC_WARN_UNINITIALIZED_AUTOS = YES_AGGRESSIVE;
				GCC_WARN_UNUSED_FUNCTION = YES;
				GCC_WARN_UNUSED_VARIABLE = YES;
				IPHONEOS_DEPLOYMENT_TARGET = 14.0;
				MTL_ENABLE_DEBUG_INFO = NO;
				MTL_FAST_MATH = YES;
				SDKROOT = iphoneos;
				SWIFT_COMPILATION_MODE = wholemodule;
				SWIFT_OPTIMIZATION_LEVEL = "-O";
				VALIDATE_PRODUCT = YES;
			};
			name = Release;
		};
		9B2A27C0253098CC00E0629A /* Debug */ = {
			isa = XCBuildConfiguration;
			buildSettings = {
				ASSETCATALOG_COMPILER_APPICON_NAME = AppIcon;
				ASSETCATALOG_COMPILER_GLOBAL_ACCENT_COLOR_NAME = AccentColor;
				CODE_SIGN_STYLE = Automatic;
				DEVELOPMENT_ASSET_PATHS = "\"Dashboard/Preview Content\"";
				ENABLE_PREVIEWS = YES;
				INFOPLIST_FILE = Dashboard/Info.plist;
				IPHONEOS_DEPLOYMENT_TARGET = 14.0;
				LD_RUNPATH_SEARCH_PATHS = (
					"$(inherited)",
					"@executable_path/Frameworks",
				);
				PRODUCT_BUNDLE_IDENTIFIER = com.synnlabz.Dashboard;
				PRODUCT_NAME = "$(TARGET_NAME)";
				SWIFT_VERSION = 5.0;
				TARGETED_DEVICE_FAMILY = "1,2";
			};
			name = Debug;
		};
		9B2A27C1253098CC00E0629A /* Release */ = {
			isa = XCBuildConfiguration;
			buildSettings = {
				ASSETCATALOG_COMPILER_APPICON_NAME = AppIcon;
				ASSETCATALOG_COMPILER_GLOBAL_ACCENT_COLOR_NAME = AccentColor;
				CODE_SIGN_STYLE = Automatic;
				DEVELOPMENT_ASSET_PATHS = "\"Dashboard/Preview Content\"";
				ENABLE_PREVIEWS = YES;
				INFOPLIST_FILE = Dashboard/Info.plist;
				IPHONEOS_DEPLOYMENT_TARGET = 14.0;
				LD_RUNPATH_SEARCH_PATHS = (
					"$(inherited)",
					"@executable_path/Frameworks",
				);
				PRODUCT_BUNDLE_IDENTIFIER = com.synnlabz.Dashboard;
				PRODUCT_NAME = "$(TARGET_NAME)";
				SWIFT_VERSION = 5.0;
				TARGETED_DEVICE_FAMILY = "1,2";
			};
			name = Release;
		};
		9B2A27C3253098CC00E0629A /* Debug */ = {
			isa = XCBuildConfiguration;
			buildSettings = {
				ALWAYS_EMBED_SWIFT_STANDARD_LIBRARIES = YES;
				BUNDLE_LOADER = "$(TEST_HOST)";
				CODE_SIGN_STYLE = Automatic;
				INFOPLIST_FILE = DashboardTests/Info.plist;
				IPHONEOS_DEPLOYMENT_TARGET = 14.0;
				LD_RUNPATH_SEARCH_PATHS = (
					"$(inherited)",
					"@executable_path/Frameworks",
					"@loader_path/Frameworks",
				);
				PRODUCT_BUNDLE_IDENTIFIER = com.synnlabz.DashboardTests;
				PRODUCT_NAME = "$(TARGET_NAME)";
				SWIFT_VERSION = 5.0;
				TARGETED_DEVICE_FAMILY = "1,2";
				TEST_HOST = "$(BUILT_PRODUCTS_DIR)/Dashboard.app/Dashboard";
			};
			name = Debug;
		};
		9B2A27C4253098CC00E0629A /* Release */ = {
			isa = XCBuildConfiguration;
			buildSettings = {
				ALWAYS_EMBED_SWIFT_STANDARD_LIBRARIES = YES;
				BUNDLE_LOADER = "$(TEST_HOST)";
				CODE_SIGN_STYLE = Automatic;
				INFOPLIST_FILE = DashboardTests/Info.plist;
				IPHONEOS_DEPLOYMENT_TARGET = 14.0;
				LD_RUNPATH_SEARCH_PATHS = (
					"$(inherited)",
					"@executable_path/Frameworks",
					"@loader_path/Frameworks",
				);
				PRODUCT_BUNDLE_IDENTIFIER = com.synnlabz.DashboardTests;
				PRODUCT_NAME = "$(TARGET_NAME)";
				SWIFT_VERSION = 5.0;
				TARGETED_DEVICE_FAMILY = "1,2";
				TEST_HOST = "$(BUILT_PRODUCTS_DIR)/Dashboard.app/Dashboard";
			};
			name = Release;
		};
		9B2A27C6253098CC00E0629A /* Debug */ = {
			isa = XCBuildConfiguration;
			buildSettings = {
				ALWAYS_EMBED_SWIFT_STANDARD_LIBRARIES = YES;
				CODE_SIGN_STYLE = Automatic;
				INFOPLIST_FILE = DashboardUITests/Info.plist;
				LD_RUNPATH_SEARCH_PATHS = (
					"$(inherited)",
					"@executable_path/Frameworks",
					"@loader_path/Frameworks",
				);
				PRODUCT_BUNDLE_IDENTIFIER = com.synnlabz.DashboardUITests;
				PRODUCT_NAME = "$(TARGET_NAME)";
				SWIFT_VERSION = 5.0;
				TARGETED_DEVICE_FAMILY = "1,2";
				TEST_TARGET_NAME = Dashboard;
			};
			name = Debug;
		};
		9B2A27C7253098CC00E0629A /* Release */ = {
			isa = XCBuildConfiguration;
			buildSettings = {
				ALWAYS_EMBED_SWIFT_STANDARD_LIBRARIES = YES;
				CODE_SIGN_STYLE = Automatic;
				INFOPLIST_FILE = DashboardUITests/Info.plist;
				LD_RUNPATH_SEARCH_PATHS = (
					"$(inherited)",
					"@executable_path/Frameworks",
					"@loader_path/Frameworks",
				);
				PRODUCT_BUNDLE_IDENTIFIER = com.synnlabz.DashboardUITests;
				PRODUCT_NAME = "$(TARGET_NAME)";
				SWIFT_VERSION = 5.0;
				TARGETED_DEVICE_FAMILY = "1,2";
				TEST_TARGET_NAME = Dashboard;
			};
			name = Release;
		};
/* End XCBuildConfiguration section */

/* Begin XCConfigurationList section */
		9B2A2795253098CA00E0629A /* Build configuration list for PBXProject "Dashboard" */ = {
			isa = XCConfigurationList;
			buildConfigurations = (
				9B2A27BD253098CC00E0629A /* Debug */,
				9B2A27BE253098CC00E0629A /* Release */,
			);
			defaultConfigurationIsVisible = 0;
			defaultConfigurationName = Release;
		};
		9B2A27BF253098CC00E0629A /* Build configuration list for PBXNativeTarget "Dashboard" */ = {
			isa = XCConfigurationList;
			buildConfigurations = (
				9B2A27C0253098CC00E0629A /* Debug */,
				9B2A27C1253098CC00E0629A /* Release */,
			);
			defaultConfigurationIsVisible = 0;
			defaultConfigurationName = Release;
		};
		9B2A27C2253098CC00E0629A /* Build configuration list for PBXNativeTarget "DashboardTests" */ = {
			isa = XCConfigurationList;
			buildConfigurations = (
				9B2A27C3253098CC00E0629A /* Debug */,
				9B2A27C4253098CC00E0629A /* Release */,
			);
			defaultConfigurationIsVisible = 0;
			defaultConfigurationName = Release;
		};
		9B2A27C5253098CC00E0629A /* Build configuration list for PBXNativeTarget "DashboardUITests" */ = {
			isa = XCConfigurationList;
			buildConfigurations = (
				9B2A27C6253098CC00E0629A /* Debug */,
				9B2A27C7253098CC00E0629A /* Release */,
			);
			defaultConfigurationIsVisible = 0;
			defaultConfigurationName = Release;
		};
/* End XCConfigurationList section */
	};
	rootObject = 9B2A2792253098CA00E0629A /* Project object */;
}
